
Microsoft Visual Studio Solution File, Format Version 12.00
# Visual Studio Version 16
VisualStudioVersion = 16.0.30128.74
MinimumVisualStudioVersion = 10.0.40219.1
Project("{9A19103F-16F7-4668-BE54-9A1E7A4F7556}") = "CalculatorTest.Lib", "CalculatorTest.Lib\CalculatorTest.Lib.csproj", "{C2AFD884-A79D-434D-B7A4-DFC23615C3ED}"
EndProject
Project("{9A19103F-16F7-4668-BE54-9A1E7A4F7556}") = "CalculatorTest.Tests", "CalculatorTest.Tests\CalculatorTest.Tests.csproj", "{AF48F5F1-E545-40E4-9307-63D34408E3F6}"
EndProject
Project("{FAE04EC0-301F-11D3-BF4B-00C04F79EFBC}") = "CalculatorTest.App", "CalculatorTest.App\CalculatorTest.App.csproj", "{00ACA6D4-B17D-477E-8AA3-6F481D54F49D}"
EndProject
Global
	GlobalSection(SolutionConfigurationPlatforms) = preSolution
		Debug|Any CPU = Debug|Any CPU
		Debug|x64 = Debug|x64
		Debug|x86 = Debug|x86
		Release|Any CPU = Release|Any CPU
		Release|x64 = Release|x64
		Release|x86 = Release|x86
	EndGlobalSection
	GlobalSection(ProjectConfigurationPlatforms) = postSolution
		{C2AFD884-A79D-434D-B7A4-DFC23615C3ED}.Debug|Any CPU.ActiveCfg = Debug|Any CPU
		{C2AFD884-A79D-434D-B7A4-DFC23615C3ED}.Debug|Any CPU.Build.0 = Debug|Any CPU
		{C2AFD884-A79D-434D-B7A4-DFC23615C3ED}.Debug|x64.ActiveCfg = Debug|Any CPU
		{C2AFD884-A79D-434D-B7A4-DFC23615C3ED}.Debug|x64.Build.0 = Debug|Any CPU
		{C2AFD884-A79D-434D-B7A4-DFC23615C3ED}.Debug|x86.ActiveCfg = Debug|Any CPU
		{C2AFD884-A79D-434D-B7A4-DFC23615C3ED}.Debug|x86.Build.0 = Debug|Any CPU
		{C2AFD884-A79D-434D-B7A4-DFC23615C3ED}.Release|Any CPU.ActiveCfg = Release|Any CPU
		{C2AFD884-A79D-434D-B7A4-DFC23615C3ED}.Release|Any CPU.Build.0 = Release|Any CPU
		{C2AFD884-A79D-434D-B7A4-DFC23615C3ED}.Release|x64.ActiveCfg = Release|Any CPU
		{C2AFD884-A79D-434D-B7A4-DFC23615C3ED}.Release|x64.Build.0 = Release|Any CPU
		{C2AFD884-A79D-434D-B7A4-DFC23615C3ED}.Release|x86.ActiveCfg = Release|Any CPU
		{C2AFD884-A79D-434D-B7A4-DFC23615C3ED}.Release|x86.Build.0 = Release|Any CPU
		{AF48F5F1-E545-40E4-9307-63D34408E3F6}.Debug|Any CPU.ActiveCfg = Debug|Any CPU
		{AF48F5F1-E545-40E4-9307-63D34408E3F6}.Debug|Any CPU.Build.0 = Debug|Any CPU
		{AF48F5F1-E545-40E4-9307-63D34408E3F6}.Debug|x64.ActiveCfg = Debug|Any CPU
		{AF48F5F1-E545-40E4-9307-63D34408E3F6}.Debug|x64.Build.0 = Debug|Any CPU
		{AF48F5F1-E545-40E4-9307-63D34408E3F6}.Debug|x86.ActiveCfg = Debug|Any CPU
		{AF48F5F1-E545-40E4-9307-63D34408E3F6}.Debug|x86.Build.0 = Debug|Any CPU
		{AF48F5F1-E545-40E4-9307-63D34408E3F6}.Release|Any CPU.ActiveCfg = Release|Any CPU
		{AF48F5F1-E545-40E4-9307-63D34408E3F6}.Release|Any CPU.Build.0 = Release|Any CPU
		{AF48F5F1-E545-40E4-9307-63D34408E3F6}.Release|x64.ActiveCfg = Release|Any CPU
		{AF48F5F1-E545-40E4-9307-63D34408E3F6}.Release|x64.Build.0 = Release|Any CPU
		{AF48F5F1-E545-40E4-9307-63D34408E3F6}.Release|x86.ActiveCfg = Release|Any CPU
		{AF48F5F1-E545-40E4-9307-63D34408E3F6}.Release|x86.Build.0 = Release|Any CPU
		{00ACA6D4-B17D-477E-8AA3-6F481D54F49D}.Debug|Any CPU.ActiveCfg = Debug|Any CPU
		{00ACA6D4-B17D-477E-8AA3-6F481D54F49D}.Debug|Any CPU.Build.0 = Debug|Any CPU
		{00ACA6D4-B17D-477E-8AA3-6F481D54F49D}.Debug|x64.ActiveCfg = Debug|Any CPU
		{00ACA6D4-B17D-477E-8AA3-6F481D54F49D}.Debug|x64.Build.0 = Debug|Any CPU
		{00ACA6D4-B17D-477E-8AA3-6F481D54F49D}.Debug|x86.ActiveCfg = Debug|Any CPU
		{00ACA6D4-B17D-477E-8AA3-6F481D54F49D}.Debug|x86.Build.0 = Debug|Any CPU
		{00ACA6D4-B17D-477E-8AA3-6F481D54F49D}.Release|Any CPU.ActiveCfg = Release|Any CPU
		{00ACA6D4-B17D-477E-8AA3-6F481D54F49D}.Release|Any CPU.Build.0 = Release|Any CPU
		{00ACA6D4-B17D-477E-8AA3-6F481D54F49D}.Release|x64.ActiveCfg = Release|Any CPU
		{00ACA6D4-B17D-477E-8AA3-6F481D54F49D}.Release|x64.Build.0 = Release|Any CPU
		{00ACA6D4-B17D-477E-8AA3-6F481D54F49D}.Release|x86.ActiveCfg = Release|Any CPU
		{00ACA6D4-B17D-477E-8AA3-6F481D54F49D}.Release|x86.Build.0 = Release|Any CPU
	EndGlobalSection
	GlobalSection(SolutionProperties) = preSolution
		HideSolutionNode = FALSE
	EndGlobalSection
	GlobalSection(ExtensibilityGlobals) = postSolution
		SolutionGuid = {82019BCC-D762-41E3-8E47-E490F266A117}
	EndGlobalSection
EndGlobal
